// !$*UTF8*$!
{
	archiveVersion = 1;
	classes = {
	};
	objectVersion = 46;
	objects = {

/* Begin PBXBuildFile section */
		1F7150D21DCC2AC0000C8217 /* main.m in Sources */ = {isa = PBXBuildFile; fileRef = 1F7150D11DCC2AC0000C8217 /* main.m */; };
		1F7150D51DCC2AC0000C8217 /* AppDelegate.m in Sources */ = {isa = PBXBuildFile; fileRef = 1F7150D41DCC2AC0000C8217 /* AppDelegate.m */; };
		1F7150D81DCC2AC0000C8217 /* ViewController.m in Sources */ = {isa = PBXBuildFile; fileRef = 1F7150D71DCC2AC0000C8217 /* ViewController.m */; };
		1F7150DB1DCC2AC0000C8217 /* Main.storyboard in Resources */ = {isa = PBXBuildFile; fileRef = 1F7150D91DCC2AC0000C8217 /* Main.storyboard */; };
		1F7150DD1DCC2AC0000C8217 /* Assets.xcassets in Resources */ = {isa = PBXBuildFile; fileRef = 1F7150DC1DCC2AC0000C8217 /* Assets.xcassets */; };
		1F7150E01DCC2AC0000C8217 /* LaunchScreen.storyboard in Resources */ = {isa = PBXBuildFile; fileRef = 1F7150DE1DCC2AC0000C8217 /* LaunchScreen.storyboard */; };
		1F7150EA1DCC2B46000C8217 /* AdoRatiosView.m in Sources */ = {isa = PBXBuildFile; fileRef = 1F7150E91DCC2B46000C8217 /* AdoRatiosView.m */; };
		9934CD75EDEF8003FF314FE7 /* libPods-AdoRatiosView.a in Frameworks */ = {isa = PBXBuildFile; fileRef = 513FBC81D2C1D2638CC5CCCC /* libPods-AdoRatiosView.a */; };
/* End PBXBuildFile section */

/* Begin PBXFileReference section */
		1F7150CD1DCC2AC0000C8217 /* AdoRatiosView.app */ = {isa = PBXFileReference; explicitFileType = wrapper.application; includeInIndex = 0; path = AdoRatiosView.app; sourceTree = BUILT_PRODUCTS_DIR; };
		1F7150D11DCC2AC0000C8217 /* main.m */ = {isa = PBXFileReference; lastKnownFileType = sourcecode.c.objc; path = main.m; sourceTree = "<group>"; };
		1F7150D31DCC2AC0000C8217 /* AppDelegate.h */ = {isa = PBXFileReference; lastKnownFileType = sourcecode.c.h; path = AppDelegate.h; sourceTree = "<group>"; };
		1F7150D41DCC2AC0000C8217 /* AppDelegate.m */ = {isa = PBXFileReference; lastKnownFileType = sourcecode.c.objc; path = AppDelegate.m; sourceTree = "<group>"; };
		1F7150D61DCC2AC0000C8217 /* ViewController.h */ = {isa = PBXFileReference; lastKnownFileType = sourcecode.c.h; path = ViewController.h; sourceTree = "<group>"; };
		1F7150D71DCC2AC0000C8217 /* ViewController.m */ = {isa = PBXFileReference; lastKnownFileType = sourcecode.c.objc; path = ViewController.m; sourceTree = "<group>"; };
		1F7150DA1DCC2AC0000C8217 /* Base */ = {isa = PBXFileReference; lastKnownFileType = file.storyboard; name = Base; path = Base.lproj/Main.storyboard; sourceTree = "<group>"; };
		1F7150DC1DCC2AC0000C8217 /* Assets.xcassets */ = {isa = PBXFileReference; lastKnownFileType = folder.assetcatalog; path = Assets.xcassets; sourceTree = "<group>"; };
		1F7150DF1DCC2AC0000C8217 /* Base */ = {isa = PBXFileReference; lastKnownFileType = file.storyboard; name = Base; path = Base.lproj/LaunchScreen.storyboard; sourceTree = "<group>"; };
		1F7150E11DCC2AC0000C8217 /* Info.plist */ = {isa = PBXFileReference; lastKnownFileType = text.plist.xml; path = Info.plist; sourceTree = "<group>"; };
		1F7150E81DCC2B46000C8217 /* AdoRatiosView.h */ = {isa = PBXFileReference; fileEncoding = 4; lastKnownFileType = sourcecode.c.h; path = AdoRatiosView.h; sourceTree = "<group>"; };
		1F7150E91DCC2B46000C8217 /* AdoRatiosView.m */ = {isa = PBXFileReference; fileEncoding = 4; lastKnownFileType = sourcecode.c.objc; path = AdoRatiosView.m; sourceTree = "<group>"; };
		324C7E776ED187BA9A3D5574 /* Pods-AdoRatiosView.debug.xcconfig */ = {isa = PBXFileReference; includeInIndex = 1; lastKnownFileType = text.xcconfig; name = "Pods-AdoRatiosView.debug.xcconfig"; path = "Pods/Target Support Files/Pods-AdoRatiosView/Pods-AdoRatiosView.debug.xcconfig"; sourceTree = "<group>"; };
		513FBC81D2C1D2638CC5CCCC /* libPods-AdoRatiosView.a */ = {isa = PBXFileReference; explicitFileType = archive.ar; includeInIndex = 0; path = "libPods-AdoRatiosView.a"; sourceTree = BUILT_PRODUCTS_DIR; };
		FE989454A446D9A4F38330AB /* Pods-AdoRatiosView.release.xcconfig */ = {isa = PBXFileReference; includeInIndex = 1; lastKnownFileType = text.xcconfig; name = "Pods-AdoRatiosView.release.xcconfig"; path = "Pods/Target Support Files/Pods-AdoRatiosView/Pods-AdoRatiosView.release.xcconfig"; sourceTree = "<group>"; };
/* End PBXFileReference section */

/* Begin PBXFrameworksBuildPhase section */
		1F7150CA1DCC2AC0000C8217 /* Frameworks */ = {
			isa = PBXFrameworksBuildPhase;
			buildActionMask = 2147483647;
			files = (
				9934CD75EDEF8003FF314FE7 /* libPods-AdoRatiosView.a in Frameworks */,
			);
			runOnlyForDeploymentPostprocessing = 0;
		};
/* End PBXFrameworksBuildPhase section */

/* Begin PBXGroup section */
		1F7150C41DCC2AC0000C8217 = {
			isa = PBXGroup;
			children = (
				1F7150CF1DCC2AC0000C8217 /* AdoRatiosView */,
				1F7150CE1DCC2AC0000C8217 /* Products */,
				45B0C33499FCA47A1CCDC604 /* Pods */,
				25C042E370F48392AF694384 /* Frameworks */,
			);
			sourceTree = "<group>";
		};
		1F7150CE1DCC2AC0000C8217 /* Products */ = {
			isa = PBXGroup;
			children = (
				1F7150CD1DCC2AC0000C8217 /* AdoRatiosView.app */,
			);
			name = Products;
			sourceTree = "<group>";
		};
		1F7150CF1DCC2AC0000C8217 /* AdoRatiosView */ = {
			isa = PBXGroup;
			children = (
				1F7150E71DCC2B40000C8217 /* AdoRatiosView-Master */,
				1F7150D31DCC2AC0000C8217 /* AppDelegate.h */,
				1F7150D41DCC2AC0000C8217 /* AppDelegate.m */,
				1F7150D61DCC2AC0000C8217 /* ViewController.h */,
				1F7150D71DCC2AC0000C8217 /* ViewController.m */,
				1F7150D91DCC2AC0000C8217 /* Main.storyboard */,
				1F7150DC1DCC2AC0000C8217 /* Assets.xcassets */,
				1F7150DE1DCC2AC0000C8217 /* LaunchScreen.storyboard */,
				1F7150E11DCC2AC0000C8217 /* Info.plist */,
				1F7150D01DCC2AC0000C8217 /* Supporting Files */,
			);
			path = AdoRatiosView;
			sourceTree = "<group>";
		};
		1F7150D01DCC2AC0000C8217 /* Supporting Files */ = {
			isa = PBXGroup;
			children = (
				1F7150D11DCC2AC0000C8217 /* main.m */,
			);
			name = "Supporting Files";
			sourceTree = "<group>";
		};
		1F7150E71DCC2B40000C8217 /* AdoRatiosView-Master */ = {
			isa = PBXGroup;
			children = (
				1F7150E81DCC2B46000C8217 /* AdoRatiosView.h */,
				1F7150E91DCC2B46000C8217 /* AdoRatiosView.m */,
			);
			path = "AdoRatiosView-Master";
			sourceTree = "<group>";
		};
		25C042E370F48392AF694384 /* Frameworks */ = {
			isa = PBXGroup;
			children = (
				513FBC81D2C1D2638CC5CCCC /* libPods-AdoRatiosView.a */,
			);
			name = Frameworks;
			sourceTree = "<group>";
		};
		45B0C33499FCA47A1CCDC604 /* Pods */ = {
			isa = PBXGroup;
			children = (
				324C7E776ED187BA9A3D5574 /* Pods-AdoRatiosView.debug.xcconfig */,
				FE989454A446D9A4F38330AB /* Pods-AdoRatiosView.release.xcconfig */,
			);
			name = Pods;
			sourceTree = "<group>";
		};
/* End PBXGroup section */

/* Begin PBXNativeTarget section */
		1F7150CC1DCC2AC0000C8217 /* AdoRatiosView */ = {
			isa = PBXNativeTarget;
			buildConfigurationList = 1F7150E41DCC2AC0000C8217 /* Build configuration list for PBXNativeTarget "AdoRatiosView" */;
			buildPhases = (
				1F16C71B7E9F83D4743ABBF7 /* [CP] Check Pods Manifest.lock */,
				1F7150C91DCC2AC0000C8217 /* Sources */,
				1F7150CA1DCC2AC0000C8217 /* Frameworks */,
				1F7150CB1DCC2AC0000C8217 /* Resources */,
				67C3A221DD9880AE23CEA2AF /* [CP] Embed Pods Frameworks */,
				2911D4836F90C78667BCBC21 /* [CP] Copy Pods Resources */,
			);
			buildRules = (
			);
			dependencies = (
			);
			name = AdoRatiosView;
			productName = AdoRatiosView;
			productReference = 1F7150CD1DCC2AC0000C8217 /* AdoRatiosView.app */;
			productType = "com.apple.product-type.application";
		};
/* End PBXNativeTarget section */

/* Begin PBXProject section */
		1F7150C51DCC2AC0000C8217 /* Project object */ = {
			isa = PBXProject;
			attributes = {
				LastUpgradeCheck = 0800;
				ORGANIZATIONNAME = Nododo;
				TargetAttributes = {
					1F7150CC1DCC2AC0000C8217 = {
						CreatedOnToolsVersion = 8.0;
						ProvisioningStyle = Automatic;
					};
				};
			};
			buildConfigurationList = 1F7150C81DCC2AC0000C8217 /* Build configuration list for PBXProject "AdoRatiosView" */;
			compatibilityVersion = "Xcode 3.2";
			developmentRegion = English;
			hasScannedForEncodings = 0;
			knownRegions = (
				en,
				Base,
			);
			mainGroup = 1F7150C41DCC2AC0000C8217;
			productRefGroup = 1F7150CE1DCC2AC0000C8217 /* Products */;
			projectDirPath = "";
			projectRoot = "";
			targets = (
				1F7150CC1DCC2AC0000C8217 /* AdoRatiosView */,
			);
		};
/* End PBXProject section */

/* Begin PBXResourcesBuildPhase section */
		1F7150CB1DCC2AC0000C8217 /* Resources */ = {
			isa = PBXResourcesBuildPhase;
			buildActionMask = 2147483647;
			files = (
				1F7150E01DCC2AC0000C8217 /* LaunchScreen.storyboard in Resources */,
				1F7150DD1DCC2AC0000C8217 /* Assets.xcassets in Resources */,
				1F7150DB1DCC2AC0000C8217 /* Main.storyboard in Resources */,
			);
			runOnlyForDeploymentPostprocessing = 0;
		};
/* End PBXResourcesBuildPhase section */

/* Begin PBXShellScriptBuildPhase section */
		1F16C71B7E9F83D4743ABBF7 /* [CP] Check Pods Manifest.lock */ = {
			isa = PBXShellScriptBuildPhase;
			buildActionMask = 2147483647;
			files = (
			);
			inputPaths = (
			);
			name = "[CP] Check Pods Manifest.lock";
			outputPaths = (
			);
			runOnlyForDeploymentPostprocessing = 0;
			shellPath = /bin/sh;
			shellScript = "diff \"${PODS_ROOT}/../Podfile.lock\" \"${PODS_ROOT}/Manifest.lock\" > /dev/null\nif [ $? != 0 ] ; then\n    # print error to STDERR\n    echo \"error: The sandbox is not in sync with the Podfile.lock. Run 'pod install' or update your CocoaPods installation.\" >&2\n    exit 1\nfi\n";
			showEnvVarsInLog = 0;
		};
		2911D4836F90C78667BCBC21 /* [CP] Copy Pods Resources */ = {
			isa = PBXShellScriptBuildPhase;
			buildActionMask = 2147483647;
			files = (
			);
			inputPaths = (
			);
			name = "[CP] Copy Pods Resources";
			outputPaths = (
			);
			runOnlyForDeploymentPostprocessing = 0;
			shellPath = /bin/sh;
			shellScript = "\"${SRCROOT}/Pods/Target Support Files/Pods-AdoRatiosView/Pods-AdoRatiosView-resources.sh\"\n";
			showEnvVarsInLog = 0;
		};
		67C3A221DD9880AE23CEA2AF /* [CP] Embed Pods Frameworks */ = {
			isa = PBXShellScriptBuildPhase;
			buildActionMask = 2147483647;
			files = (
			);
			inputPaths = (
			);
			name = "[CP] Embed Pods Frameworks";
			outputPaths = (
			);
			runOnlyForDeploymentPostprocessing = 0;
			shellPath = /bin/sh;
			shellScript = "\"${SRCROOT}/Pods/Target Support Files/Pods-AdoRatiosView/Pods-AdoRatiosView-frameworks.sh\"\n";
			showEnvVarsInLog = 0;
		};
/* End PBXShellScriptBuildPhase section */

/* Begin PBXSourcesBuildPhase section */
		1F7150C91DCC2AC0000C8217 /* Sources */ = {
			isa = PBXSourcesBuildPhase;
			buildActionMask = 2147483647;
			files = (
				1F7150D81DCC2AC0000C8217 /* ViewController.m in Sources */,
				1F7150D51DCC2AC0000C8217 /* AppDelegate.m in Sources */,
				1F7150EA1DCC2B46000C8217 /* AdoRatiosView.m in Sources */,
				1F7150D21DCC2AC0000C8217 /* main.m in Sources */,
			);
			runOnlyForDeploymentPostprocessing = 0;
		};
/* End PBXSourcesBuildPhase section */

/* Begin PBXVariantGroup section */
		1F7150D91DCC2AC0000C8217 /* Main.storyboard */ = {
			isa = PBXVariantGroup;
			children = (
				1F7150DA1DCC2AC0000C8217 /* Base */,
			);
			name = Main.storyboard;
			sourceTree = "<group>";
		};
		1F7150DE1DCC2AC0000C8217 /* LaunchScreen.storyboard */ = {
			isa = PBXVariantGroup;
			children = (
				1F7150DF1DCC2AC0000C8217 /* Base */,
			);
			name = LaunchScreen.storyboard;
			sourceTree = "<group>";
		};
/* End PBXVariantGroup section */

/* Begin XCBuildConfiguration section */
		1F7150E21DCC2AC0000C8217 /* Debug */ = {
			isa = XCBuildConfiguration;
			buildSettings = {
				ALWAYS_SEARCH_USER_PATHS = NO;
				CLANG_ANALYZER_NONNULL = YES;
				CLANG_CXX_LANGUAGE_STANDARD = "gnu++0x";
				CLANG_CXX_LIBRARY = "libc++";
				CLANG_ENABLE_MODULES = YES;
				CLANG_ENABLE_OBJC_ARC = YES;
				CLANG_WARN_BOOL_CONVERSION = YES;
				CLANG_WARN_CONSTANT_CONVERSION = YES;
				CLANG_WARN_DIRECT_OBJC_ISA_USAGE = YES_ERROR;
				CLANG_WARN_DOCUMENTATION_COMMENTS = YES;
				CLANG_WARN_EMPTY_BODY = YES;
				CLANG_WARN_ENUM_CONVERSION = YES;
				CLANG_WARN_INFINITE_RECURSION = YES;
				CLANG_WARN_INT_CONVERSION = YES;
				CLANG_WARN_OBJC_ROOT_CLASS = YES_ERROR;
				CLANG_WARN_SUSPICIOUS_MOVES = YES;
				CLANG_WARN_UNREACHABLE_CODE = YES;
				CLANG_WARN__DUPLICATE_METHOD_MATCH = YES;
				"CODE_SIGN_IDENTITY[sdk=iphoneos*]" = "iPhone Developer";
				COPY_PHASE_STRIP = NO;
				DEBUG_INFORMATION_FORMAT = dwarf;
				ENABLE_STRICT_OBJC_MSGSEND = YES;
				ENABLE_TESTABILITY = YES;
				GCC_C_LANGUAGE_STANDARD = gnu99;
				GCC_DYNAMIC_NO_PIC = NO;
				GCC_NO_COMMON_BLOCKS = YES;
				GCC_OPTIMIZATION_LEVEL = 0;
				GCC_PREPROCESSOR_DEFINITIONS = (
					"DEBUG=1",
					"$(inherited)",
				);
				GCC_WARN_64_TO_32_BIT_CONVERSION = YES;
				GCC_WARN_ABOUT_RETURN_TYPE = YES_ERROR;
				GCC_WARN_UNDECLARED_SELECTOR = YES;
				GCC_WARN_UNINITIALIZED_AUTOS = YES_AGGRESSIVE;
				GCC_WARN_UNUSED_FUNCTION = YES;
				GCC_WARN_UNUSED_VARIABLE = YES;
				IPHONEOS_DEPLOYMENT_TARGET = 10.0;
				MTL_ENABLE_DEBUG_INFO = YES;
				ONLY_ACTIVE_ARCH = YES;
				SDKROOT = iphoneos;
			};
			name = Debug;
		};
		1F7150E31DCC2AC0000C8217 /* Release */ = {
			isa = XCBuildConfiguration;
			buildSettings = {
				ALWAYS_SEARCH_USER_PATHS = NO;
				CLANG_ANALYZER_NONNULL = YES;
				CLANG_CXX_LANGUAGE_STANDARD = "gnu++0x";
				CLANG_CXX_LIBRARY = "libc++";
				CLANG_ENABLE_MODULES = YES;
				CLANG_ENABLE_OBJC_ARC = YES;
				CLANG_WARN_BOOL_CONVERSION = YES;
				CLANG_WARN_CONSTANT_CONVERSION = YES;
				CLANG_WARN_DIRECT_OBJC_ISA_USAGE = YES_ERROR;
				CLANG_WARN_DOCUMENTATION_COMMENTS = YES;
				CLANG_WARN_EMPTY_BODY = YES;
				CLANG_WARN_ENUM_CONVERSION = YES;
				CLANG_WARN_INFINITE_RECURSION = YES;
				CLANG_WARN_INT_CONVERSION = YES;
				CLANG_WARN_OBJC_ROOT_CLASS = YES_ERROR;
				CLANG_WARN_SUSPICIOUS_MOVES = YES;
				CLANG_WARN_UNREACHABLE_CODE = YES;
				CLANG_WARN__DUPLICATE_METHOD_MATCH = YES;
				"CODE_SIGN_IDENTITY[sdk=iphoneos*]" = "iPhone Developer";
				COPY_PHASE_STRIP = NO;
				DEBUG_INFORMATION_FORMAT = "dwarf-with-dsym";
				ENABLE_NS_ASSERTIONS = NO;
				ENABLE_STRICT_OBJC_MSGSEND = YES;
				GCC_C_LANGUAGE_STANDARD = gnu99;
				GCC_NO_COMMON_BLOCKS = YES;
				GCC_WARN_64_TO_32_BIT_CONVERSION = YES;
				GCC_WARN_ABOUT_RETURN_TYPE = YES_ERROR;
				GCC_WARN_UNDECLARED_SELECTOR = YES;
				GCC_WARN_UNINITIALIZED_AUTOS = YES_AGGRESSIVE;
				GCC_WARN_UNUSED_FUNCTION = YES;
				GCC_WARN_UNUSED_VARIABLE = YES;
				IPHONEOS_DEPLOYMENT_TARGET = 10.0;
				MTL_ENABLE_DEBUG_INFO = NO;
				SDKROOT = iphoneos;
				VALIDATE_PRODUCT = YES;
			};
			name = Release;
		};
		1F7150E51DCC2AC0000C8217 /* Debug */ = {
			isa = XCBuildConfiguration;
			baseConfigurationReference = 324C7E776ED187BA9A3D5574 /* Pods-AdoRatiosView.debug.xcconfig */;
			buildSettings = {
				ASSETCATALOG_COMPILER_APPICON_NAME = AppIcon;
				INFOPLIST_FILE = AdoRatiosView/Info.plist;
				LD_RUNPATH_SEARCH_PATHS = "$(inherited) @executable_path/Frameworks";
				PRODUCT_BUNDLE_IDENTIFIER = com.nododo.www.AdoRatiosView;
				PRODUCT_NAME = "$(TARGET_NAME)";
			};
			name = Debug;
		};
		1F7150E61DCC2AC0000C8217 /* Release */ = {
			isa = XCBuildConfiguration;
			baseConfigurationReference = FE989454A446D9A4F38330AB /* Pods-AdoRatiosView.release.xcconfig */;
			buildSettings = {
				ASSETCATALOG_COMPILER_APPICON_NAME = AppIcon;
				INFOPLIST_FILE = AdoRatiosView/Info.plist;
				LD_RUNPATH_SEARCH_PATHS = "$(inherited) @executable_path/Frameworks";
				PRODUCT_BUNDLE_IDENTIFIER = com.nododo.www.AdoRatiosView;
				PRODUCT_NAME = "$(TARGET_NAME)";
			};
			name = Release;
		};
/* End XCBuildConfiguration section */

/* Begin XCConfigurationList section */
		1F7150C81DCC2AC0000C8217 /* Build configuration list for PBXProject "AdoRatiosView" */ = {
			isa = XCConfigurationList;
			buildConfigurations = (
				1F7150E21DCC2AC0000C8217 /* Debug */,
				1F7150E31DCC2AC0000C8217 /* Release */,
			);
			defaultConfigurationIsVisible = 0;
			defaultConfigurationName = Release;
		};
		1F7150E41DCC2AC0000C8217 /* Build configuration list for PBXNativeTarget "AdoRatiosView" */ = {
			isa = XCConfigurationList;
			buildConfigurations = (
				1F7150E51DCC2AC0000C8217 /* Debug */,
				1F7150E61DCC2AC0000C8217 /* Release */,
			);
			defaultConfigurationIsVisible = 0;
			defaultConfigurationName = Release;
		};
/* End XCConfigurationList section */
	};
	rootObject = 1F7150C51DCC2AC0000C8217 /* Project object */;
}
